
Microsoft Visual Studio Solution File, Format Version 12.00
# Visual Studio Version 16
VisualStudioVersion = 16.0.34729.46
MinimumVisualStudioVersion = 10.0.40219.1
Project("{FAE04EC0-301F-11D3-BF4B-00C04F79EFBC}") = "QuadraticEquationSolver", "QuadraticEquationSolver.csproj", "{12AE0524-33A8-4BF5-8100-B22BFED49C8C}"
EndProject
Global
	GlobalSection(SolutionConfigurationPlatforms) = preSolution
		Debug|Any CPU = Debug|Any CPU
		Release|Any CPU = Release|Any CPU
	EndGlobalSection
	GlobalSection(ProjectConfigurationPlatforms) = postSolution
		{12AE0524-33A8-4BF5-8100-B22BFED49C8C}.Debug|Any CPU.ActiveCfg = Debug|Any CPU
		{12AE0524-33A8-4BF5-8100-B22BFED49C8C}.Debug|Any CPU.Build.0 = Debug|Any CPU
		{12AE0524-33A8-4BF5-8100-B22BFED49C8C}.Release|Any CPU.ActiveCfg = Release|Any CPU
		{12AE0524-33A8-4BF5-8100-B22BFED49C8C}.Release|Any CPU.Build.0 = Release|Any CPU
	EndGlobalSection
	GlobalSection(SolutionProperties) = preSolution
		HideSolutionNode = FALSE
	EndGlobalSection
	GlobalSection(ExtensibilityGlobals) = postSolution
		SolutionGuid = {FC7E3F12-FA2C-45BC-8FF6-B826910351F3}
	EndGlobalSection
EndGlobal
